
Microsoft Visual Studio Solution File, Format Version 12.00
# Visual Studio Version 17
VisualStudioVersion = 17.5.001.0
MinimumVisualStudioVersion = 10.0.40219.1
Project("{9A19103F-16F7-4668-BE54-9A1E7A4F7556}") = "DZ2", "DZ2.csproj", "{0200F98F-4981-4A2E-BBA2-5199C46D0899}"
EndProject
Global
	GlobalSection(SolutionConfigurationPlatforms) = preSolution
		Debug|Any CPU = Debug|Any CPU
		Release|Any CPU = Release|Any CPU
	EndGlobalSection
	GlobalSection(ProjectConfigurationPlatforms) = postSolution
		{0200F98F-4981-4A2E-BBA2-5199C46D0899}.Debug|Any CPU.ActiveCfg = Debug|Any CPU
		{0200F98F-4981-4A2E-BBA2-5199C46D0899}.Debug|Any CPU.Build.0 = Debug|Any CPU
		{0200F98F-4981-4A2E-BBA2-5199C46D0899}.Release|Any CPU.ActiveCfg = Release|Any CPU
		{0200F98F-4981-4A2E-BBA2-5199C46D0899}.Release|Any CPU.Build.0 = Release|Any CPU
	EndGlobalSection
	GlobalSection(SolutionProperties) = preSolution
		HideSolutionNode = FALSE
	EndGlobalSection
	GlobalSection(ExtensibilityGlobals) = postSolution
		SolutionGuid = {2978E214-FA3F-4A6E-9CA2-9666AD785925}
	EndGlobalSection
EndGlobal
